// !$*UTF8*$!
{
	archiveVersion = 1;
	classes = {
	};
	objectVersion = 46;
	objects = {

/* Begin PBXBuildFile section */
		B458B9921DBF1448009F6EAF /* main.m in Sources */ = {isa = PBXBuildFile; fileRef = B458B9911DBF1448009F6EAF /* main.m */; };
		B458B9951DBF1448009F6EAF /* AppDelegate.m in Sources */ = {isa = PBXBuildFile; fileRef = B458B9941DBF1448009F6EAF /* AppDelegate.m */; };
		B458B9981DBF1448009F6EAF /* ViewController.m in Sources */ = {isa = PBXBuildFile; fileRef = B458B9971DBF1448009F6EAF /* ViewController.m */; };
		B458B99B1DBF1448009F6EAF /* Main.storyboard in Resources */ = {isa = PBXBuildFile; fileRef = B458B9991DBF1448009F6EAF /* Main.storyboard */; };
		B458B99D1DBF1448009F6EAF /* Assets.xcassets in Resources */ = {isa = PBXBuildFile; fileRef = B458B99C1DBF1448009F6EAF /* Assets.xcassets */; };
		B458B9A01DBF1448009F6EAF /* LaunchScreen.storyboard in Resources */ = {isa = PBXBuildFile; fileRef = B458B99E1DBF1448009F6EAF /* LaunchScreen.storyboard */; };
		B4FA47301DC20BBC005F534B /* KKAVPlayer.m in Sources */ = {isa = PBXBuildFile; fileRef = B4FA47141DC20BBC005F534B /* KKAVPlayer.m */; };
		B4FA47311DC20BBC005F534B /* kk_bg_bottom@2x.png in Resources */ = {isa = PBXBuildFile; fileRef = B4FA47161DC20BBC005F534B /* kk_bg_bottom@2x.png */; };
		B4FA47321DC20BBC005F534B /* kk_bg_bottom@3x.png in Resources */ = {isa = PBXBuildFile; fileRef = B4FA47171DC20BBC005F534B /* kk_bg_bottom@3x.png */; };
		B4FA47331DC20BBC005F534B /* kk_bg_top@2x.png in Resources */ = {isa = PBXBuildFile; fileRef = B4FA47181DC20BBC005F534B /* kk_bg_top@2x.png */; };
		B4FA47341DC20BBC005F534B /* kk_bg_top@3x.png in Resources */ = {isa = PBXBuildFile; fileRef = B4FA47191DC20BBC005F534B /* kk_bg_top@3x.png */; };
		B4FA47351DC20BBC005F534B /* kk_full_screen@2x.png in Resources */ = {isa = PBXBuildFile; fileRef = B4FA471A1DC20BBC005F534B /* kk_full_screen@2x.png */; };
		B4FA47361DC20BBC005F534B /* kk_full_screen@3x.png in Resources */ = {isa = PBXBuildFile; fileRef = B4FA471B1DC20BBC005F534B /* kk_full_screen@3x.png */; };
		B4FA47371DC20BBC005F534B /* kk_pause_big@2x.png in Resources */ = {isa = PBXBuildFile; fileRef = B4FA471C1DC20BBC005F534B /* kk_pause_big@2x.png */; };
		B4FA47381DC20BBC005F534B /* kk_pause_big@3x.png in Resources */ = {isa = PBXBuildFile; fileRef = B4FA471D1DC20BBC005F534B /* kk_pause_big@3x.png */; };
		B4FA47391DC20BBC005F534B /* kk_pause_small@2x.png in Resources */ = {isa = PBXBuildFile; fileRef = B4FA471E1DC20BBC005F534B /* kk_pause_small@2x.png */; };
		B4FA473A1DC20BBC005F534B /* kk_pause_small@3x.png in Resources */ = {isa = PBXBuildFile; fileRef = B4FA471F1DC20BBC005F534B /* kk_pause_small@3x.png */; };
		B4FA473B1DC20BBC005F534B /* kk_play_big@2x(1).png in Resources */ = {isa = PBXBuildFile; fileRef = B4FA47201DC20BBC005F534B /* kk_play_big@2x(1).png */; };
		B4FA473C1DC20BBC005F534B /* kk_play_big@2x.png in Resources */ = {isa = PBXBuildFile; fileRef = B4FA47211DC20BBC005F534B /* kk_play_big@2x.png */; };
		B4FA473D1DC20BBC005F534B /* kk_play_big@3x(1).png in Resources */ = {isa = PBXBuildFile; fileRef = B4FA47221DC20BBC005F534B /* kk_play_big@3x(1).png */; };
		B4FA473E1DC20BBC005F534B /* kk_play_big@3x.png in Resources */ = {isa = PBXBuildFile; fileRef = B4FA47231DC20BBC005F534B /* kk_play_big@3x.png */; };
		B4FA473F1DC20BBC005F534B /* kk_play_small@2x(1).png in Resources */ = {isa = PBXBuildFile; fileRef = B4FA47241DC20BBC005F534B /* kk_play_small@2x(1).png */; };
		B4FA47401DC20BBC005F534B /* kk_play_small@2x.png in Resources */ = {isa = PBXBuildFile; fileRef = B4FA47251DC20BBC005F534B /* kk_play_small@2x.png */; };
		B4FA47411DC20BBC005F534B /* kk_play_small@3x(1).png in Resources */ = {isa = PBXBuildFile; fileRef = B4FA47261DC20BBC005F534B /* kk_play_small@3x(1).png */; };
		B4FA47421DC20BBC005F534B /* kk_play_small@3x.png in Resources */ = {isa = PBXBuildFile; fileRef = B4FA47271DC20BBC005F534B /* kk_play_small@3x.png */; };
		B4FA47431DC20BBC005F534B /* kk_replay_big@2x.png in Resources */ = {isa = PBXBuildFile; fileRef = B4FA47281DC20BBC005F534B /* kk_replay_big@2x.png */; };
		B4FA47441DC20BBC005F534B /* kk_replay_big@3x.png in Resources */ = {isa = PBXBuildFile; fileRef = B4FA47291DC20BBC005F534B /* kk_replay_big@3x.png */; };
		B4FA47451DC20BBC005F534B /* kk_replay_small@2x.png in Resources */ = {isa = PBXBuildFile; fileRef = B4FA472A1DC20BBC005F534B /* kk_replay_small@2x.png */; };
		B4FA47461DC20BBC005F534B /* kk_replay_small@3x.png in Resources */ = {isa = PBXBuildFile; fileRef = B4FA472B1DC20BBC005F534B /* kk_replay_small@3x.png */; };
		B4FA47471DC20BBC005F534B /* kk_slider_big@2x.png in Resources */ = {isa = PBXBuildFile; fileRef = B4FA472C1DC20BBC005F534B /* kk_slider_big@2x.png */; };
		B4FA47481DC20BBC005F534B /* kk_slider_big@3x.png in Resources */ = {isa = PBXBuildFile; fileRef = B4FA472D1DC20BBC005F534B /* kk_slider_big@3x.png */; };
		B4FA47491DC20BBC005F534B /* kk_slider_small@2x.png in Resources */ = {isa = PBXBuildFile; fileRef = B4FA472E1DC20BBC005F534B /* kk_slider_small@2x.png */; };
		B4FA474A1DC20BBC005F534B /* kk_slider_small@3x.png in Resources */ = {isa = PBXBuildFile; fileRef = B4FA472F1DC20BBC005F534B /* kk_slider_small@3x.png */; };
/* End PBXBuildFile section */

/* Begin PBXFileReference section */
		B458B98D1DBF1448009F6EAF /* KKAVPlayer.app */ = {isa = PBXFileReference; explicitFileType = wrapper.application; includeInIndex = 0; path = KKAVPlayer.app; sourceTree = BUILT_PRODUCTS_DIR; };
		B458B9911DBF1448009F6EAF /* main.m */ = {isa = PBXFileReference; lastKnownFileType = sourcecode.c.objc; path = main.m; sourceTree = "<group>"; };
		B458B9931DBF1448009F6EAF /* AppDelegate.h */ = {isa = PBXFileReference; lastKnownFileType = sourcecode.c.h; path = AppDelegate.h; sourceTree = "<group>"; };
		B458B9941DBF1448009F6EAF /* AppDelegate.m */ = {isa = PBXFileReference; lastKnownFileType = sourcecode.c.objc; path = AppDelegate.m; sourceTree = "<group>"; };
		B458B9961DBF1448009F6EAF /* ViewController.h */ = {isa = PBXFileReference; lastKnownFileType = sourcecode.c.h; path = ViewController.h; sourceTree = "<group>"; };
		B458B9971DBF1448009F6EAF /* ViewController.m */ = {isa = PBXFileReference; lastKnownFileType = sourcecode.c.objc; path = ViewController.m; sourceTree = "<group>"; };
		B458B99A1DBF1448009F6EAF /* Base */ = {isa = PBXFileReference; lastKnownFileType = file.storyboard; name = Base; path = Base.lproj/Main.storyboard; sourceTree = "<group>"; };
		B458B99C1DBF1448009F6EAF /* Assets.xcassets */ = {isa = PBXFileReference; lastKnownFileType = folder.assetcatalog; path = Assets.xcassets; sourceTree = "<group>"; };
		B458B99F1DBF1448009F6EAF /* Base */ = {isa = PBXFileReference; lastKnownFileType = file.storyboard; name = Base; path = Base.lproj/LaunchScreen.storyboard; sourceTree = "<group>"; };
		B458B9A11DBF1448009F6EAF /* Info.plist */ = {isa = PBXFileReference; lastKnownFileType = text.plist.xml; path = Info.plist; sourceTree = "<group>"; };
		B4FA47131DC20BBC005F534B /* KKAVPlayer.h */ = {isa = PBXFileReference; fileEncoding = 4; lastKnownFileType = sourcecode.c.h; path = KKAVPlayer.h; sourceTree = "<group>"; };
		B4FA47141DC20BBC005F534B /* KKAVPlayer.m */ = {isa = PBXFileReference; fileEncoding = 4; lastKnownFileType = sourcecode.c.objc; path = KKAVPlayer.m; sourceTree = "<group>"; };
		B4FA47161DC20BBC005F534B /* kk_bg_bottom@2x.png */ = {isa = PBXFileReference; lastKnownFileType = image.png; path = "kk_bg_bottom@2x.png"; sourceTree = "<group>"; };
		B4FA47171DC20BBC005F534B /* kk_bg_bottom@3x.png */ = {isa = PBXFileReference; lastKnownFileType = image.png; path = "kk_bg_bottom@3x.png"; sourceTree = "<group>"; };
		B4FA47181DC20BBC005F534B /* kk_bg_top@2x.png */ = {isa = PBXFileReference; lastKnownFileType = image.png; path = "kk_bg_top@2x.png"; sourceTree = "<group>"; };
		B4FA47191DC20BBC005F534B /* kk_bg_top@3x.png */ = {isa = PBXFileReference; lastKnownFileType = image.png; path = "kk_bg_top@3x.png"; sourceTree = "<group>"; };
		B4FA471A1DC20BBC005F534B /* kk_full_screen@2x.png */ = {isa = PBXFileReference; lastKnownFileType = image.png; path = "kk_full_screen@2x.png"; sourceTree = "<group>"; };
		B4FA471B1DC20BBC005F534B /* kk_full_screen@3x.png */ = {isa = PBXFileReference; lastKnownFileType = image.png; path = "kk_full_screen@3x.png"; sourceTree = "<group>"; };
		B4FA471C1DC20BBC005F534B /* kk_pause_big@2x.png */ = {isa = PBXFileReference; lastKnownFileType = image.png; path = "kk_pause_big@2x.png"; sourceTree = "<group>"; };
		B4FA471D1DC20BBC005F534B /* kk_pause_big@3x.png */ = {isa = PBXFileReference; lastKnownFileType = image.png; path = "kk_pause_big@3x.png"; sourceTree = "<group>"; };
		B4FA471E1DC20BBC005F534B /* kk_pause_small@2x.png */ = {isa = PBXFileReference; lastKnownFileType = image.png; path = "kk_pause_small@2x.png"; sourceTree = "<group>"; };
		B4FA471F1DC20BBC005F534B /* kk_pause_small@3x.png */ = {isa = PBXFileReference; lastKnownFileType = image.png; path = "kk_pause_small@3x.png"; sourceTree = "<group>"; };
		B4FA47201DC20BBC005F534B /* kk_play_big@2x(1).png */ = {isa = PBXFileReference; lastKnownFileType = image.png; path = "kk_play_big@2x(1).png"; sourceTree = "<group>"; };
		B4FA47211DC20BBC005F534B /* kk_play_big@2x.png */ = {isa = PBXFileReference; lastKnownFileType = image.png; path = "kk_play_big@2x.png"; sourceTree = "<group>"; };
		B4FA47221DC20BBC005F534B /* kk_play_big@3x(1).png */ = {isa = PBXFileReference; lastKnownFileType = image.png; path = "kk_play_big@3x(1).png"; sourceTree = "<group>"; };
		B4FA47231DC20BBC005F534B /* kk_play_big@3x.png */ = {isa = PBXFileReference; lastKnownFileType = image.png; path = "kk_play_big@3x.png"; sourceTree = "<group>"; };
		B4FA47241DC20BBC005F534B /* kk_play_small@2x(1).png */ = {isa = PBXFileReference; lastKnownFileType = image.png; path = "kk_play_small@2x(1).png"; sourceTree = "<group>"; };
		B4FA47251DC20BBC005F534B /* kk_play_small@2x.png */ = {isa = PBXFileReference; lastKnownFileType = image.png; path = "kk_play_small@2x.png"; sourceTree = "<group>"; };
		B4FA47261DC20BBC005F534B /* kk_play_small@3x(1).png */ = {isa = PBXFileReference; lastKnownFileType = image.png; path = "kk_play_small@3x(1).png"; sourceTree = "<group>"; };
		B4FA47271DC20BBC005F534B /* kk_play_small@3x.png */ = {isa = PBXFileReference; lastKnownFileType = image.png; path = "kk_play_small@3x.png"; sourceTree = "<group>"; };
		B4FA47281DC20BBC005F534B /* kk_replay_big@2x.png */ = {isa = PBXFileReference; lastKnownFileType = image.png; path = "kk_replay_big@2x.png"; sourceTree = "<group>"; };
		B4FA47291DC20BBC005F534B /* kk_replay_big@3x.png */ = {isa = PBXFileReference; lastKnownFileType = image.png; path = "kk_replay_big@3x.png"; sourceTree = "<group>"; };
		B4FA472A1DC20BBC005F534B /* kk_replay_small@2x.png */ = {isa = PBXFileReference; lastKnownFileType = image.png; path = "kk_replay_small@2x.png"; sourceTree = "<group>"; };
		B4FA472B1DC20BBC005F534B /* kk_replay_small@3x.png */ = {isa = PBXFileReference; lastKnownFileType = image.png; path = "kk_replay_small@3x.png"; sourceTree = "<group>"; };
		B4FA472C1DC20BBC005F534B /* kk_slider_big@2x.png */ = {isa = PBXFileReference; lastKnownFileType = image.png; path = "kk_slider_big@2x.png"; sourceTree = "<group>"; };
		B4FA472D1DC20BBC005F534B /* kk_slider_big@3x.png */ = {isa = PBXFileReference; lastKnownFileType = image.png; path = "kk_slider_big@3x.png"; sourceTree = "<group>"; };
		B4FA472E1DC20BBC005F534B /* kk_slider_small@2x.png */ = {isa = PBXFileReference; lastKnownFileType = image.png; path = "kk_slider_small@2x.png"; sourceTree = "<group>"; };
		B4FA472F1DC20BBC005F534B /* kk_slider_small@3x.png */ = {isa = PBXFileReference; lastKnownFileType = image.png; path = "kk_slider_small@3x.png"; sourceTree = "<group>"; };
/* End PBXFileReference section */

/* Begin PBXFrameworksBuildPhase section */
		B458B98A1DBF1448009F6EAF /* Frameworks */ = {
			isa = PBXFrameworksBuildPhase;
			buildActionMask = 2147483647;
			files = (
			);
			runOnlyForDeploymentPostprocessing = 0;
		};
/* End PBXFrameworksBuildPhase section */

/* Begin PBXGroup section */
		B458B9841DBF1448009F6EAF = {
			isa = PBXGroup;
			children = (
				B458B98F1DBF1448009F6EAF /* KKAVPlayer */,
				B458B98E1DBF1448009F6EAF /* Products */,
			);
			sourceTree = "<group>";
		};
		B458B98E1DBF1448009F6EAF /* Products */ = {
			isa = PBXGroup;
			children = (
				B458B98D1DBF1448009F6EAF /* KKAVPlayer.app */,
			);
			name = Products;
			sourceTree = "<group>";
		};
		B458B98F1DBF1448009F6EAF /* KKAVPlayer */ = {
			isa = PBXGroup;
			children = (
				B4FA47121DC20BBC005F534B /* KKAVPlayer */,
				B458B9931DBF1448009F6EAF /* AppDelegate.h */,
				B458B9941DBF1448009F6EAF /* AppDelegate.m */,
				B458B9961DBF1448009F6EAF /* ViewController.h */,
				B458B9971DBF1448009F6EAF /* ViewController.m */,
				B458B9991DBF1448009F6EAF /* Main.storyboard */,
				B458B99C1DBF1448009F6EAF /* Assets.xcassets */,
				B458B99E1DBF1448009F6EAF /* LaunchScreen.storyboard */,
				B458B9A11DBF1448009F6EAF /* Info.plist */,
				B458B9901DBF1448009F6EAF /* Supporting Files */,
			);
			path = KKAVPlayer;
			sourceTree = "<group>";
		};
		B458B9901DBF1448009F6EAF /* Supporting Files */ = {
			isa = PBXGroup;
			children = (
				B458B9911DBF1448009F6EAF /* main.m */,
			);
			name = "Supporting Files";
			sourceTree = "<group>";
		};
		B4FA47121DC20BBC005F534B /* KKAVPlayer */ = {
			isa = PBXGroup;
			children = (
				B4FA47131DC20BBC005F534B /* KKAVPlayer.h */,
				B4FA47141DC20BBC005F534B /* KKAVPlayer.m */,
				B4FA47151DC20BBC005F534B /* KKPlayerImage */,
			);
			path = KKAVPlayer;
			sourceTree = "<group>";
		};
		B4FA47151DC20BBC005F534B /* KKPlayerImage */ = {
			isa = PBXGroup;
			children = (
				B4FA47161DC20BBC005F534B /* kk_bg_bottom@2x.png */,
				B4FA47171DC20BBC005F534B /* kk_bg_bottom@3x.png */,
				B4FA47181DC20BBC005F534B /* kk_bg_top@2x.png */,
				B4FA47191DC20BBC005F534B /* kk_bg_top@3x.png */,
				B4FA471A1DC20BBC005F534B /* kk_full_screen@2x.png */,
				B4FA471B1DC20BBC005F534B /* kk_full_screen@3x.png */,
				B4FA471C1DC20BBC005F534B /* kk_pause_big@2x.png */,
				B4FA471D1DC20BBC005F534B /* kk_pause_big@3x.png */,
				B4FA471E1DC20BBC005F534B /* kk_pause_small@2x.png */,
				B4FA471F1DC20BBC005F534B /* kk_pause_small@3x.png */,
				B4FA47201DC20BBC005F534B /* kk_play_big@2x(1).png */,
				B4FA47211DC20BBC005F534B /* kk_play_big@2x.png */,
				B4FA47221DC20BBC005F534B /* kk_play_big@3x(1).png */,
				B4FA47231DC20BBC005F534B /* kk_play_big@3x.png */,
				B4FA47241DC20BBC005F534B /* kk_play_small@2x(1).png */,
				B4FA47251DC20BBC005F534B /* kk_play_small@2x.png */,
				B4FA47261DC20BBC005F534B /* kk_play_small@3x(1).png */,
				B4FA47271DC20BBC005F534B /* kk_play_small@3x.png */,
				B4FA47281DC20BBC005F534B /* kk_replay_big@2x.png */,
				B4FA47291DC20BBC005F534B /* kk_replay_big@3x.png */,
				B4FA472A1DC20BBC005F534B /* kk_replay_small@2x.png */,
				B4FA472B1DC20BBC005F534B /* kk_replay_small@3x.png */,
				B4FA472C1DC20BBC005F534B /* kk_slider_big@2x.png */,
				B4FA472D1DC20BBC005F534B /* kk_slider_big@3x.png */,
				B4FA472E1DC20BBC005F534B /* kk_slider_small@2x.png */,
				B4FA472F1DC20BBC005F534B /* kk_slider_small@3x.png */,
			);
			path = KKPlayerImage;
			sourceTree = "<group>";
		};
/* End PBXGroup section */

/* Begin PBXNativeTarget section */
		B458B98C1DBF1448009F6EAF /* KKAVPlayer */ = {
			isa = PBXNativeTarget;
			buildConfigurationList = B458B9A41DBF1448009F6EAF /* Build configuration list for PBXNativeTarget "KKAVPlayer" */;
			buildPhases = (
				B458B9891DBF1448009F6EAF /* Sources */,
				B458B98A1DBF1448009F6EAF /* Frameworks */,
				B458B98B1DBF1448009F6EAF /* Resources */,
			);
			buildRules = (
			);
			dependencies = (
			);
			name = KKAVPlayer;
			productName = KKAVPlayer;
			productReference = B458B98D1DBF1448009F6EAF /* KKAVPlayer.app */;
			productType = "com.apple.product-type.application";
		};
/* End PBXNativeTarget section */

/* Begin PBXProject section */
		B458B9851DBF1448009F6EAF /* Project object */ = {
			isa = PBXProject;
			attributes = {
				LastUpgradeCheck = 0800;
				ORGANIZATIONNAME = kkwalle;
				TargetAttributes = {
					B458B98C1DBF1448009F6EAF = {
						CreatedOnToolsVersion = 8.0;
						ProvisioningStyle = Automatic;
					};
				};
			};
			buildConfigurationList = B458B9881DBF1448009F6EAF /* Build configuration list for PBXProject "KKAVPlayer" */;
			compatibilityVersion = "Xcode 3.2";
			developmentRegion = English;
			hasScannedForEncodings = 0;
			knownRegions = (
				en,
				Base,
			);
			mainGroup = B458B9841DBF1448009F6EAF;
			productRefGroup = B458B98E1DBF1448009F6EAF /* Products */;
			projectDirPath = "";
			projectRoot = "";
			targets = (
				B458B98C1DBF1448009F6EAF /* KKAVPlayer */,
			);
		};
/* End PBXProject section */

/* Begin PBXResourcesBuildPhase section */
		B458B98B1DBF1448009F6EAF /* Resources */ = {
			isa = PBXResourcesBuildPhase;
			buildActionMask = 2147483647;
			files = (
				B458B9A01DBF1448009F6EAF /* LaunchScreen.storyboard in Resources */,
				B4FA473D1DC20BBC005F534B /* kk_play_big@3x(1).png in Resources */,
				B4FA47431DC20BBC005F534B /* kk_replay_big@2x.png in Resources */,
				B4FA47441DC20BBC005F534B /* kk_replay_big@3x.png in Resources */,
				B4FA47391DC20BBC005F534B /* kk_pause_small@2x.png in Resources */,
				B4FA47351DC20BBC005F534B /* kk_full_screen@2x.png in Resources */,
				B4FA473E1DC20BBC005F534B /* kk_play_big@3x.png in Resources */,
				B458B99D1DBF1448009F6EAF /* Assets.xcassets in Resources */,
				B4FA47401DC20BBC005F534B /* kk_play_small@2x.png in Resources */,
				B4FA473A1DC20BBC005F534B /* kk_pause_small@3x.png in Resources */,
				B4FA47311DC20BBC005F534B /* kk_bg_bottom@2x.png in Resources */,
				B4FA473B1DC20BBC005F534B /* kk_play_big@2x(1).png in Resources */,
				B4FA47331DC20BBC005F534B /* kk_bg_top@2x.png in Resources */,
				B4FA47451DC20BBC005F534B /* kk_replay_small@2x.png in Resources */,
				B4FA47461DC20BBC005F534B /* kk_replay_small@3x.png in Resources */,
				B4FA47491DC20BBC005F534B /* kk_slider_small@2x.png in Resources */,
				B458B99B1DBF1448009F6EAF /* Main.storyboard in Resources */,
				B4FA47471DC20BBC005F534B /* kk_slider_big@2x.png in Resources */,
				B4FA473F1DC20BBC005F534B /* kk_play_small@2x(1).png in Resources */,
				B4FA473C1DC20BBC005F534B /* kk_play_big@2x.png in Resources */,
				B4FA47411DC20BBC005F534B /* kk_play_small@3x(1).png in Resources */,
				B4FA47371DC20BBC005F534B /* kk_pause_big@2x.png in Resources */,
				B4FA47421DC20BBC005F534B /* kk_play_small@3x.png in Resources */,
				B4FA47361DC20BBC005F534B /* kk_full_screen@3x.png in Resources */,
				B4FA47341DC20BBC005F534B /* kk_bg_top@3x.png in Resources */,
				B4FA47481DC20BBC005F534B /* kk_slider_big@3x.png in Resources */,
				B4FA47321DC20BBC005F534B /* kk_bg_bottom@3x.png in Resources */,
				B4FA47381DC20BBC005F534B /* kk_pause_big@3x.png in Resources */,
				B4FA474A1DC20BBC005F534B /* kk_slider_small@3x.png in Resources */,
			);
			runOnlyForDeploymentPostprocessing = 0;
		};
/* End PBXResourcesBuildPhase section */

/* Begin PBXSourcesBuildPhase section */
		B458B9891DBF1448009F6EAF /* Sources */ = {
			isa = PBXSourcesBuildPhase;
			buildActionMask = 2147483647;
			files = (
				B458B9981DBF1448009F6EAF /* ViewController.m in Sources */,
				B4FA47301DC20BBC005F534B /* KKAVPlayer.m in Sources */,
				B458B9951DBF1448009F6EAF /* AppDelegate.m in Sources */,
				B458B9921DBF1448009F6EAF /* main.m in Sources */,
			);
			runOnlyForDeploymentPostprocessing = 0;
		};
/* End PBXSourcesBuildPhase section */

/* Begin PBXVariantGroup section */
		B458B9991DBF1448009F6EAF /* Main.storyboard */ = {
			isa = PBXVariantGroup;
			children = (
				B458B99A1DBF1448009F6EAF /* Base */,
			);
			name = Main.storyboard;
			sourceTree = "<group>";
		};
		B458B99E1DBF1448009F6EAF /* LaunchScreen.storyboard */ = {
			isa = PBXVariantGroup;
			children = (
				B458B99F1DBF1448009F6EAF /* Base */,
			);
			name = LaunchScreen.storyboard;
			sourceTree = "<group>";
		};
/* End PBXVariantGroup section */

/* Begin XCBuildConfiguration section */
		B458B9A21DBF1448009F6EAF /* Debug */ = {
			isa = XCBuildConfiguration;
			buildSettings = {
				ALWAYS_SEARCH_USER_PATHS = NO;
				CLANG_ANALYZER_NONNULL = YES;
				CLANG_CXX_LANGUAGE_STANDARD = "gnu++0x";
				CLANG_CXX_LIBRARY = "libc++";
				CLANG_ENABLE_MODULES = YES;
				CLANG_ENABLE_OBJC_ARC = YES;
				CLANG_WARN_BOOL_CONVERSION = YES;
				CLANG_WARN_CONSTANT_CONVERSION = YES;
				CLANG_WARN_DIRECT_OBJC_ISA_USAGE = YES_ERROR;
				CLANG_WARN_DOCUMENTATION_COMMENTS = YES;
				CLANG_WARN_EMPTY_BODY = YES;
				CLANG_WARN_ENUM_CONVERSION = YES;
				CLANG_WARN_INFINITE_RECURSION = YES;
				CLANG_WARN_INT_CONVERSION = YES;
				CLANG_WARN_OBJC_ROOT_CLASS = YES_ERROR;
				CLANG_WARN_SUSPICIOUS_MOVES = YES;
				CLANG_WARN_UNREACHABLE_CODE = YES;
				CLANG_WARN__DUPLICATE_METHOD_MATCH = YES;
				"CODE_SIGN_IDENTITY[sdk=iphoneos*]" = "iPhone Developer";
				COPY_PHASE_STRIP = NO;
				DEBUG_INFORMATION_FORMAT = dwarf;
				ENABLE_STRICT_OBJC_MSGSEND = YES;
				ENABLE_TESTABILITY = YES;
				GCC_C_LANGUAGE_STANDARD = gnu99;
				GCC_DYNAMIC_NO_PIC = NO;
				GCC_NO_COMMON_BLOCKS = YES;
				GCC_OPTIMIZATION_LEVEL = 0;
				GCC_PREPROCESSOR_DEFINITIONS = (
					"DEBUG=1",
					"$(inherited)",
				);
				GCC_WARN_64_TO_32_BIT_CONVERSION = YES;
				GCC_WARN_ABOUT_RETURN_TYPE = YES_ERROR;
				GCC_WARN_UNDECLARED_SELECTOR = YES;
				GCC_WARN_UNINITIALIZED_AUTOS = YES_AGGRESSIVE;
				GCC_WARN_UNUSED_FUNCTION = YES;
				GCC_WARN_UNUSED_VARIABLE = YES;
				IPHONEOS_DEPLOYMENT_TARGET = 10.0;
				MTL_ENABLE_DEBUG_INFO = YES;
				ONLY_ACTIVE_ARCH = YES;
				SDKROOT = iphoneos;
			};
			name = Debug;
		};
		B458B9A31DBF1448009F6EAF /* Release */ = {
			isa = XCBuildConfiguration;
			buildSettings = {
				ALWAYS_SEARCH_USER_PATHS = NO;
				CLANG_ANALYZER_NONNULL = YES;
				CLANG_CXX_LANGUAGE_STANDARD = "gnu++0x";
				CLANG_CXX_LIBRARY = "libc++";
				CLANG_ENABLE_MODULES = YES;
				CLANG_ENABLE_OBJC_ARC = YES;
				CLANG_WARN_BOOL_CONVERSION = YES;
				CLANG_WARN_CONSTANT_CONVERSION = YES;
				CLANG_WARN_DIRECT_OBJC_ISA_USAGE = YES_ERROR;
				CLANG_WARN_DOCUMENTATION_COMMENTS = YES;
				CLANG_WARN_EMPTY_BODY = YES;
				CLANG_WARN_ENUM_CONVERSION = YES;
				CLANG_WARN_INFINITE_RECURSION = YES;
				CLANG_WARN_INT_CONVERSION = YES;
				CLANG_WARN_OBJC_ROOT_CLASS = YES_ERROR;
				CLANG_WARN_SUSPICIOUS_MOVES = YES;
				CLANG_WARN_UNREACHABLE_CODE = YES;
				CLANG_WARN__DUPLICATE_METHOD_MATCH = YES;
				"CODE_SIGN_IDENTITY[sdk=iphoneos*]" = "iPhone Developer";
				COPY_PHASE_STRIP = NO;
				DEBUG_INFORMATION_FORMAT = "dwarf-with-dsym";
				ENABLE_NS_ASSERTIONS = NO;
				ENABLE_STRICT_OBJC_MSGSEND = YES;
				GCC_C_LANGUAGE_STANDARD = gnu99;
				GCC_NO_COMMON_BLOCKS = YES;
				GCC_WARN_64_TO_32_BIT_CONVERSION = YES;
				GCC_WARN_ABOUT_RETURN_TYPE = YES_ERROR;
				GCC_WARN_UNDECLARED_SELECTOR = YES;
				GCC_WARN_UNINITIALIZED_AUTOS = YES_AGGRESSIVE;
				GCC_WARN_UNUSED_FUNCTION = YES;
				GCC_WARN_UNUSED_VARIABLE = YES;
				IPHONEOS_DEPLOYMENT_TARGET = 10.0;
				MTL_ENABLE_DEBUG_INFO = NO;
				SDKROOT = iphoneos;
				VALIDATE_PRODUCT = YES;
			};
			name = Release;
		};
		B458B9A51DBF1448009F6EAF /* Debug */ = {
			isa = XCBuildConfiguration;
			buildSettings = {
				ASSETCATALOG_COMPILER_APPICON_NAME = AppIcon;
				INFOPLIST_FILE = KKAVPlayer/Info.plist;
				LD_RUNPATH_SEARCH_PATHS = "$(inherited) @executable_path/Frameworks";
				PRODUCT_BUNDLE_IDENTIFIER = com.kkwalle.KKAVPlayer;
				PRODUCT_NAME = "$(TARGET_NAME)";
			};
			name = Debug;
		};
		B458B9A61DBF1448009F6EAF /* Release */ = {
			isa = XCBuildConfiguration;
			buildSettings = {
				ASSETCATALOG_COMPILER_APPICON_NAME = AppIcon;
				INFOPLIST_FILE = KKAVPlayer/Info.plist;
				LD_RUNPATH_SEARCH_PATHS = "$(inherited) @executable_path/Frameworks";
				PRODUCT_BUNDLE_IDENTIFIER = com.kkwalle.KKAVPlayer;
				PRODUCT_NAME = "$(TARGET_NAME)";
			};
			name = Release;
		};
/* End XCBuildConfiguration section */

/* Begin XCConfigurationList section */
		B458B9881DBF1448009F6EAF /* Build configuration list for PBXProject "KKAVPlayer" */ = {
			isa = XCConfigurationList;
			buildConfigurations = (
				B458B9A21DBF1448009F6EAF /* Debug */,
				B458B9A31DBF1448009F6EAF /* Release */,
			);
			defaultConfigurationIsVisible = 0;
			defaultConfigurationName = Release;
		};
		B458B9A41DBF1448009F6EAF /* Build configuration list for PBXNativeTarget "KKAVPlayer" */ = {
			isa = XCConfigurationList;
			buildConfigurations = (
				B458B9A51DBF1448009F6EAF /* Debug */,
				B458B9A61DBF1448009F6EAF /* Release */,
			);
			defaultConfigurationIsVisible = 0;
			defaultConfigurationName = Release;
		};
/* End XCConfigurationList section */
	};
	rootObject = B458B9851DBF1448009F6EAF /* Project object */;
}
